
Microsoft Visual Studio Solution File, Format Version 12.00
# Visual Studio Version 16
VisualStudioVersion = 16.0.30503.244
MinimumVisualStudioVersion = 10.0.40219.1
Project("{8BC9CEB8-8B4A-11D0-8D11-00A0C91BC942}") = "Project(5-6)", "Project(5-6).vcxproj", "{DC959EAF-94B5-4F09-8C0E-BAF5A28EF58E}"
EndProject
Global
	GlobalSection(SolutionConfigurationPlatforms) = preSolution
		Debug|x64 = Debug|x64
		Debug|x86 = Debug|x86
		Release|x64 = Release|x64
		Release|x86 = Release|x86
	EndGlobalSection
	GlobalSection(ProjectConfigurationPlatforms) = postSolution
		{DC959EAF-94B5-4F09-8C0E-BAF5A28EF58E}.Debug|x64.ActiveCfg = Debug|x64
		{DC959EAF-94B5-4F09-8C0E-BAF5A28EF58E}.Debug|x64.Build.0 = Debug|x64
		{DC959EAF-94B5-4F09-8C0E-BAF5A28EF58E}.Debug|x86.ActiveCfg = Debug|Win32
		{DC959EAF-94B5-4F09-8C0E-BAF5A28EF58E}.Debug|x86.Build.0 = Debug|Win32
		{DC959EAF-94B5-4F09-8C0E-BAF5A28EF58E}.Release|x64.ActiveCfg = Release|x64
		{DC959EAF-94B5-4F09-8C0E-BAF5A28EF58E}.Release|x64.Build.0 = Release|x64
		{DC959EAF-94B5-4F09-8C0E-BAF5A28EF58E}.Release|x86.ActiveCfg = Release|Win32
		{DC959EAF-94B5-4F09-8C0E-BAF5A28EF58E}.Release|x86.Build.0 = Release|Win32
	EndGlobalSection
	GlobalSection(SolutionProperties) = preSolution
		HideSolutionNode = FALSE
	EndGlobalSection
	GlobalSection(ExtensibilityGlobals) = postSolution
		SolutionGuid = {82CED853-AB9D-44E8-8308-B42386EF8F44}
	EndGlobalSection
EndGlobal
