
Microsoft Visual Studio Solution File, Format Version 12.00
# Visual Studio Version 16
VisualStudioVersion = 16.0.30503.244
MinimumVisualStudioVersion = 10.0.40219.1
Project("{8BC9CEB8-8B4A-11D0-8D11-00A0C91BC942}") = "Report9(1-D)", "Report9(1-D).vcxproj", "{35A1F06D-AAFB-4003-BA67-3A7FDBDA608C}"
EndProject
Global
	GlobalSection(SolutionConfigurationPlatforms) = preSolution
		Debug|x64 = Debug|x64
		Debug|x86 = Debug|x86
		Release|x64 = Release|x64
		Release|x86 = Release|x86
	EndGlobalSection
	GlobalSection(ProjectConfigurationPlatforms) = postSolution
		{35A1F06D-AAFB-4003-BA67-3A7FDBDA608C}.Debug|x64.ActiveCfg = Debug|x64
		{35A1F06D-AAFB-4003-BA67-3A7FDBDA608C}.Debug|x64.Build.0 = Debug|x64
		{35A1F06D-AAFB-4003-BA67-3A7FDBDA608C}.Debug|x86.ActiveCfg = Debug|Win32
		{35A1F06D-AAFB-4003-BA67-3A7FDBDA608C}.Debug|x86.Build.0 = Debug|Win32
		{35A1F06D-AAFB-4003-BA67-3A7FDBDA608C}.Release|x64.ActiveCfg = Release|x64
		{35A1F06D-AAFB-4003-BA67-3A7FDBDA608C}.Release|x64.Build.0 = Release|x64
		{35A1F06D-AAFB-4003-BA67-3A7FDBDA608C}.Release|x86.ActiveCfg = Release|Win32
		{35A1F06D-AAFB-4003-BA67-3A7FDBDA608C}.Release|x86.Build.0 = Release|Win32
	EndGlobalSection
	GlobalSection(SolutionProperties) = preSolution
		HideSolutionNode = FALSE
	EndGlobalSection
	GlobalSection(ExtensibilityGlobals) = postSolution
		SolutionGuid = {69EB1FC6-55A0-4B22-BE45-F7A96FBA4ED0}
	EndGlobalSection
EndGlobal
