
Microsoft Visual Studio Solution File, Format Version 12.00
# Visual Studio Version 16
VisualStudioVersion = 16.0.30503.244
MinimumVisualStudioVersion = 10.0.40219.1
Project("{8BC9CEB8-8B4A-11D0-8D11-00A0C91BC942}") = "Report6(1-E)", "Report6(1-E).vcxproj", "{17B1B856-DF7E-4B8E-B913-2F747CA017F6}"
EndProject
Global
	GlobalSection(SolutionConfigurationPlatforms) = preSolution
		Debug|x64 = Debug|x64
		Debug|x86 = Debug|x86
		Release|x64 = Release|x64
		Release|x86 = Release|x86
	EndGlobalSection
	GlobalSection(ProjectConfigurationPlatforms) = postSolution
		{17B1B856-DF7E-4B8E-B913-2F747CA017F6}.Debug|x64.ActiveCfg = Debug|x64
		{17B1B856-DF7E-4B8E-B913-2F747CA017F6}.Debug|x64.Build.0 = Debug|x64
		{17B1B856-DF7E-4B8E-B913-2F747CA017F6}.Debug|x86.ActiveCfg = Debug|Win32
		{17B1B856-DF7E-4B8E-B913-2F747CA017F6}.Debug|x86.Build.0 = Debug|Win32
		{17B1B856-DF7E-4B8E-B913-2F747CA017F6}.Release|x64.ActiveCfg = Release|x64
		{17B1B856-DF7E-4B8E-B913-2F747CA017F6}.Release|x64.Build.0 = Release|x64
		{17B1B856-DF7E-4B8E-B913-2F747CA017F6}.Release|x86.ActiveCfg = Release|Win32
		{17B1B856-DF7E-4B8E-B913-2F747CA017F6}.Release|x86.Build.0 = Release|Win32
	EndGlobalSection
	GlobalSection(SolutionProperties) = preSolution
		HideSolutionNode = FALSE
	EndGlobalSection
	GlobalSection(ExtensibilityGlobals) = postSolution
		SolutionGuid = {6F7EBF20-F33E-4CBC-84CB-38A0A819D290}
	EndGlobalSection
EndGlobal
